
Microsoft Visual Studio Solution File, Format Version 12.00
# Visual Studio Version 17
VisualStudioVersion = 17.7.34031.279
MinimumVisualStudioVersion = 10.0.40219.1
Project("{FAE04EC0-301F-11D3-BF4B-00C04F79EFBC}") = "Csolara3", "Csolara3.csproj", "{773D9669-F250-4EDF-9170-3EAFBA4BA384}"
EndProject
Global
	GlobalSection(SolutionConfigurationPlatforms) = preSolution
		Debug|Any CPU = Debug|Any CPU
		Release|Any CPU = Release|Any CPU
	EndGlobalSection
	GlobalSection(ProjectConfigurationPlatforms) = postSolution
		{773D9669-F250-4EDF-9170-3EAFBA4BA384}.Debug|Any CPU.ActiveCfg = Debug|Any CPU
		{773D9669-F250-4EDF-9170-3EAFBA4BA384}.Debug|Any CPU.Build.0 = Debug|Any CPU
		{773D9669-F250-4EDF-9170-3EAFBA4BA384}.Release|Any CPU.ActiveCfg = Release|Any CPU
		{773D9669-F250-4EDF-9170-3EAFBA4BA384}.Release|Any CPU.Build.0 = Release|Any CPU
	EndGlobalSection
	GlobalSection(SolutionProperties) = preSolution
		HideSolutionNode = FALSE
	EndGlobalSection
	GlobalSection(ExtensibilityGlobals) = postSolution
		SolutionGuid = {560D6D43-1733-47CA-A73A-497B6267BA7A}
	EndGlobalSection
EndGlobal
